
Microsoft Visual Studio Solution File, Format Version 12.00
# Visual Studio Version 17
VisualStudioVersion = 17.13.35931.197 d17.13
MinimumVisualStudioVersion = 10.0.40219.1
Project("{FAE04EC0-301F-11D3-BF4B-00C04F79EFBC}") = "Simulation Communication", "Simulation Communication\Simulation Communication.csproj", "{01768AD8-D54A-1AA0-6122-A89EC9015D3C}"
EndProject
Project("{FAE04EC0-301F-11D3-BF4B-00C04F79EFBC}") = "Simulation Communication.AppHost", "Simulation Communication.AppHost\Simulation Communication.AppHost.csproj", "{C9776268-7EF3-4BFE-A81F-B27B53202BC3}"
EndProject
Project("{FAE04EC0-301F-11D3-BF4B-00C04F79EFBC}") = "Simulation Communication.ServiceDefaults", "Simulation Communication.ServiceDefaults\Simulation Communication.ServiceDefaults.csproj", "{09A28C36-02B4-4F5F-5B3E-30B400D9F336}"
EndProject
Global
	GlobalSection(SolutionConfigurationPlatforms) = preSolution
		Debug|Any CPU = Debug|Any CPU
		Release|Any CPU = Release|Any CPU
	EndGlobalSection
	GlobalSection(ProjectConfigurationPlatforms) = postSolution
		{01768AD8-D54A-1AA0-6122-A89EC9015D3C}.Debug|Any CPU.ActiveCfg = Debug|Any CPU
		{01768AD8-D54A-1AA0-6122-A89EC9015D3C}.Debug|Any CPU.Build.0 = Debug|Any CPU
		{01768AD8-D54A-1AA0-6122-A89EC9015D3C}.Release|Any CPU.ActiveCfg = Release|Any CPU
		{01768AD8-D54A-1AA0-6122-A89EC9015D3C}.Release|Any CPU.Build.0 = Release|Any CPU
		{C9776268-7EF3-4BFE-A81F-B27B53202BC3}.Debug|Any CPU.ActiveCfg = Debug|Any CPU
		{C9776268-7EF3-4BFE-A81F-B27B53202BC3}.Debug|Any CPU.Build.0 = Debug|Any CPU
		{C9776268-7EF3-4BFE-A81F-B27B53202BC3}.Release|Any CPU.ActiveCfg = Release|Any CPU
		{C9776268-7EF3-4BFE-A81F-B27B53202BC3}.Release|Any CPU.Build.0 = Release|Any CPU
		{09A28C36-02B4-4F5F-5B3E-30B400D9F336}.Debug|Any CPU.ActiveCfg = Debug|Any CPU
		{09A28C36-02B4-4F5F-5B3E-30B400D9F336}.Debug|Any CPU.Build.0 = Debug|Any CPU
		{09A28C36-02B4-4F5F-5B3E-30B400D9F336}.Release|Any CPU.ActiveCfg = Release|Any CPU
		{09A28C36-02B4-4F5F-5B3E-30B400D9F336}.Release|Any CPU.Build.0 = Release|Any CPU
	EndGlobalSection
	GlobalSection(SolutionProperties) = preSolution
		HideSolutionNode = FALSE
	EndGlobalSection
	GlobalSection(ExtensibilityGlobals) = postSolution
		SolutionGuid = {AA813552-2B7D-4538-BCA0-2A6A999A7680}
	EndGlobalSection
EndGlobal
