
Microsoft Visual Studio Solution File, Format Version 12.00
# Visual Studio Version 17
VisualStudioVersion = 17.13.35931.197
MinimumVisualStudioVersion = 10.0.40219.1
Project("{FAE04EC0-301F-11D3-BF4B-00C04F79EFBC}") = "Simulation Communication", "Simulation Communication\Simulation Communication.csproj", "{24349A6F-AB66-47D6-B7CA-FDDACE55D973}"
EndProject
Project("{2150E333-8FDC-42A3-9474-1A3956D46DE8}") = "Test", "Test", "{02EA681E-C7D8-13C7-8484-4AC65E1B71E8}"
EndProject
Project("{FAE04EC0-301F-11D3-BF4B-00C04F79EFBC}") = "MenuServe_Test", "MenuServe_Test\MenuServe_Test.csproj", "{989E0C33-5250-432D-B761-90428CE5B41F}"
EndProject
Global
	GlobalSection(SolutionConfigurationPlatforms) = preSolution
		Debug|Any CPU = Debug|Any CPU
		Release|Any CPU = Release|Any CPU
	EndGlobalSection
	GlobalSection(ProjectConfigurationPlatforms) = postSolution
		{24349A6F-AB66-47D6-B7CA-FDDACE55D973}.Debug|Any CPU.ActiveCfg = Debug|Any CPU
		{24349A6F-AB66-47D6-B7CA-FDDACE55D973}.Debug|Any CPU.Build.0 = Debug|Any CPU
		{24349A6F-AB66-47D6-B7CA-FDDACE55D973}.Release|Any CPU.ActiveCfg = Release|Any CPU
		{24349A6F-AB66-47D6-B7CA-FDDACE55D973}.Release|Any CPU.Build.0 = Release|Any CPU
		{989E0C33-5250-432D-B761-90428CE5B41F}.Debug|Any CPU.ActiveCfg = Debug|Any CPU
		{989E0C33-5250-432D-B761-90428CE5B41F}.Debug|Any CPU.Build.0 = Debug|Any CPU
		{989E0C33-5250-432D-B761-90428CE5B41F}.Release|Any CPU.ActiveCfg = Release|Any CPU
		{989E0C33-5250-432D-B761-90428CE5B41F}.Release|Any CPU.Build.0 = Release|Any CPU
	EndGlobalSection
	GlobalSection(SolutionProperties) = preSolution
		HideSolutionNode = FALSE
	EndGlobalSection
	GlobalSection(NestedProjects) = preSolution
		{989E0C33-5250-432D-B761-90428CE5B41F} = {02EA681E-C7D8-13C7-8484-4AC65E1B71E8}
	EndGlobalSection
	GlobalSection(ExtensibilityGlobals) = postSolution
		SolutionGuid = {F8B1DD38-2F0C-4DCB-B137-8059AA844E7E}
	EndGlobalSection
EndGlobal
